
Microsoft Visual Studio Solution File, Format Version 12.00
# Visual Studio Version 17
VisualStudioVersion = 17.5.33424.131
MinimumVisualStudioVersion = 10.0.40219.1
Project("{FAE04EC0-301F-11D3-BF4B-00C04F79EFBC}") = "WinFormsApp9_Project", "WinFormsApp9_Project\WinFormsApp9_Project.csproj", "{19C97A9C-A616-4CEB-A08B-FFAADC301443}"
EndProject
Global
	GlobalSection(SolutionConfigurationPlatforms) = preSolution
		Debug|Any CPU = Debug|Any CPU
		Release|Any CPU = Release|Any CPU
	EndGlobalSection
	GlobalSection(ProjectConfigurationPlatforms) = postSolution
		{19C97A9C-A616-4CEB-A08B-FFAADC301443}.Debug|Any CPU.ActiveCfg = Debug|Any CPU
		{19C97A9C-A616-4CEB-A08B-FFAADC301443}.Debug|Any CPU.Build.0 = Debug|Any CPU
		{19C97A9C-A616-4CEB-A08B-FFAADC301443}.Release|Any CPU.ActiveCfg = Release|Any CPU
		{19C97A9C-A616-4CEB-A08B-FFAADC301443}.Release|Any CPU.Build.0 = Release|Any CPU
	EndGlobalSection
	GlobalSection(SolutionProperties) = preSolution
		HideSolutionNode = FALSE
	EndGlobalSection
	GlobalSection(ExtensibilityGlobals) = postSolution
		SolutionGuid = {159FEEA6-97F9-47FD-936C-9BDD41611A6D}
	EndGlobalSection
EndGlobal
